
Microsoft Visual Studio Solution File, Format Version 12.00
# Visual Studio Version 17
VisualStudioVersion = 17.1.32407.343
MinimumVisualStudioVersion = 10.0.40219.1
Project("{9A19103F-16F7-4668-BE54-9A1E7A4F7556}") = "WeatherAppNet", "WeatherAppNet\WeatherAppNet.csproj", "{940C4363-050F-4DF0-8BEB-9A292CFC98AE}"
EndProject
Project("{9A19103F-16F7-4668-BE54-9A1E7A4F7556}") = "WeatherServiceLibrary", "WeatherServiceLibrary\WeatherServiceLibrary.csproj", "{75818C8D-B761-4CEC-B6B6-32FD8E5DFEC1}"
EndProject
Project("{9A19103F-16F7-4668-BE54-9A1E7A4F7556}") = "WebApi", "WebApi\WebApi.csproj", "{4929DABD-83A8-434D-97D3-2AFB4F90A81C}"
EndProject
Project("{9A19103F-16F7-4668-BE54-9A1E7A4F7556}") = "WeatherServiceLibrary.UnitTests", "WeatherServiceLibrary.UnitTest\WeatherServiceLibrary.UnitTests.csproj", "{8CBB87DE-726C-4D70-A6C8-29B2D333F5A9}"
EndProject
Global
	GlobalSection(SolutionConfigurationPlatforms) = preSolution
		Debug|Any CPU = Debug|Any CPU
		Release|Any CPU = Release|Any CPU
	EndGlobalSection
	GlobalSection(ProjectConfigurationPlatforms) = postSolution
		{940C4363-050F-4DF0-8BEB-9A292CFC98AE}.Debug|Any CPU.ActiveCfg = Debug|Any CPU
		{940C4363-050F-4DF0-8BEB-9A292CFC98AE}.Debug|Any CPU.Build.0 = Debug|Any CPU
		{940C4363-050F-4DF0-8BEB-9A292CFC98AE}.Release|Any CPU.ActiveCfg = Release|Any CPU
		{940C4363-050F-4DF0-8BEB-9A292CFC98AE}.Release|Any CPU.Build.0 = Release|Any CPU
		{75818C8D-B761-4CEC-B6B6-32FD8E5DFEC1}.Debug|Any CPU.ActiveCfg = Debug|Any CPU
		{75818C8D-B761-4CEC-B6B6-32FD8E5DFEC1}.Debug|Any CPU.Build.0 = Debug|Any CPU
		{75818C8D-B761-4CEC-B6B6-32FD8E5DFEC1}.Release|Any CPU.ActiveCfg = Release|Any CPU
		{75818C8D-B761-4CEC-B6B6-32FD8E5DFEC1}.Release|Any CPU.Build.0 = Release|Any CPU
		{4929DABD-83A8-434D-97D3-2AFB4F90A81C}.Debug|Any CPU.ActiveCfg = Debug|Any CPU
		{4929DABD-83A8-434D-97D3-2AFB4F90A81C}.Debug|Any CPU.Build.0 = Debug|Any CPU
		{4929DABD-83A8-434D-97D3-2AFB4F90A81C}.Release|Any CPU.ActiveCfg = Release|Any CPU
		{4929DABD-83A8-434D-97D3-2AFB4F90A81C}.Release|Any CPU.Build.0 = Release|Any CPU
		{8CBB87DE-726C-4D70-A6C8-29B2D333F5A9}.Debug|Any CPU.ActiveCfg = Debug|Any CPU
		{8CBB87DE-726C-4D70-A6C8-29B2D333F5A9}.Debug|Any CPU.Build.0 = Debug|Any CPU
		{8CBB87DE-726C-4D70-A6C8-29B2D333F5A9}.Release|Any CPU.ActiveCfg = Release|Any CPU
		{8CBB87DE-726C-4D70-A6C8-29B2D333F5A9}.Release|Any CPU.Build.0 = Release|Any CPU
	EndGlobalSection
	GlobalSection(SolutionProperties) = preSolution
		HideSolutionNode = FALSE
	EndGlobalSection
	GlobalSection(ExtensibilityGlobals) = postSolution
		SolutionGuid = {B2C2B042-155E-439C-B730-0900DA535FD9}
	EndGlobalSection
EndGlobal
